
Microsoft Visual Studio Solution File, Format Version 12.00
# Visual Studio 14
VisualStudioVersion = 14.0.25420.1
MinimumVisualStudioVersion = 10.0.40219.1
Project("{159641D6-6404-4A2A-AE62-294DE0FE8301}") = "My SSIS Project", "My SSIS Project\My SSIS Project.dtproj", "{DF0DADE3-88C9-400E-9AA1-1B176F9C4A73}"
EndProject
Global
	GlobalSection(SolutionConfigurationPlatforms) = preSolution
		Development|Default = Development|Default
	EndGlobalSection
	GlobalSection(ProjectConfigurationPlatforms) = postSolution
		{DF0DADE3-88C9-400E-9AA1-1B176F9C4A73}.Development|Default.ActiveCfg = Development
		{DF0DADE3-88C9-400E-9AA1-1B176F9C4A73}.Development|Default.Build.0 = Development
	EndGlobalSection
	GlobalSection(SolutionProperties) = preSolution
		HideSolutionNode = FALSE
	EndGlobalSection
EndGlobal
